
Microsoft Visual Studio Solution File, Format Version 12.00
# Visual Studio Version 16
VisualStudioVersion = 16.0.30225.117
MinimumVisualStudioVersion = 10.0.40219.1
Project("{FAE04EC0-301F-11D3-BF4B-00C04F79EFBC}") = "De-Identification_WebAPI", "De-Identification_WebAPI\De-Identification_WebAPI.csproj", "{AEA41A10-7F65-4641-8B11-A9BB405DABD4}"
EndProject
Global
	GlobalSection(SolutionConfigurationPlatforms) = preSolution
		Debug|Any CPU = Debug|Any CPU
		Release|Any CPU = Release|Any CPU
	EndGlobalSection
	GlobalSection(ProjectConfigurationPlatforms) = postSolution
		{AEA41A10-7F65-4641-8B11-A9BB405DABD4}.Debug|Any CPU.ActiveCfg = Debug|Any CPU
		{AEA41A10-7F65-4641-8B11-A9BB405DABD4}.Debug|Any CPU.Build.0 = Debug|Any CPU
		{AEA41A10-7F65-4641-8B11-A9BB405DABD4}.Release|Any CPU.ActiveCfg = Release|Any CPU
		{AEA41A10-7F65-4641-8B11-A9BB405DABD4}.Release|Any CPU.Build.0 = Release|Any CPU
	EndGlobalSection
	GlobalSection(SolutionProperties) = preSolution
		HideSolutionNode = FALSE
	EndGlobalSection
	GlobalSection(ExtensibilityGlobals) = postSolution
		SolutionGuid = {B4F26D71-6BC7-4195-8CA6-621E728FF850}
	EndGlobalSection
EndGlobal
